
Microsoft Visual Studio Solution File, Format Version 12.00
# Visual Studio Version 17
VisualStudioVersion = 17.9.34728.123
MinimumVisualStudioVersion = 10.0.40219.1
Project("{FAE04EC0-301F-11D3-BF4B-00C04F79EFBC}") = "Abstract Classes and Methods", "Abstract Classes and Methods\Abstract Classes and Methods.csproj", "{C5782AF8-5C2B-4918-960B-D4AA59D902E7}"
EndProject
Global
	GlobalSection(SolutionConfigurationPlatforms) = preSolution
		Debug|Any CPU = Debug|Any CPU
		Release|Any CPU = Release|Any CPU
	EndGlobalSection
	GlobalSection(ProjectConfigurationPlatforms) = postSolution
		{C5782AF8-5C2B-4918-960B-D4AA59D902E7}.Debug|Any CPU.ActiveCfg = Debug|Any CPU
		{C5782AF8-5C2B-4918-960B-D4AA59D902E7}.Debug|Any CPU.Build.0 = Debug|Any CPU
		{C5782AF8-5C2B-4918-960B-D4AA59D902E7}.Release|Any CPU.ActiveCfg = Release|Any CPU
		{C5782AF8-5C2B-4918-960B-D4AA59D902E7}.Release|Any CPU.Build.0 = Release|Any CPU
	EndGlobalSection
	GlobalSection(SolutionProperties) = preSolution
		HideSolutionNode = FALSE
	EndGlobalSection
	GlobalSection(ExtensibilityGlobals) = postSolution
		SolutionGuid = {9D19D80E-9AE1-4DE2-B531-675A1E4EE51C}
	EndGlobalSection
EndGlobal
